
Microsoft Visual Studio Solution File, Format Version 12.00
# Visual Studio Version 17
VisualStudioVersion = 17.4.33103.184
MinimumVisualStudioVersion = 10.0.40219.1
Project("{FAE04EC0-301F-11D3-BF4B-00C04F79EFBC}") = "JamshidLibrary.App", "JamshidLibrary.App\JamshidLibrary.App.csproj", "{DAD7012A-A02F-4F50-9CB1-20488674E268}"
EndProject
Project("{FAE04EC0-301F-11D3-BF4B-00C04F79EFBC}") = "JamshidLibrary.App.Tests.Unit", "JamshidLibrary.App.Tests.Unit\JamshidLibrary.App.Tests.Unit.csproj", "{C778633F-B432-408F-8500-B7FE1EA08C03}"
EndProject
Global
	GlobalSection(SolutionConfigurationPlatforms) = preSolution
		Debug|Any CPU = Debug|Any CPU
		Release|Any CPU = Release|Any CPU
	EndGlobalSection
	GlobalSection(ProjectConfigurationPlatforms) = postSolution
		{DAD7012A-A02F-4F50-9CB1-20488674E268}.Debug|Any CPU.ActiveCfg = Debug|Any CPU
		{DAD7012A-A02F-4F50-9CB1-20488674E268}.Debug|Any CPU.Build.0 = Debug|Any CPU
		{DAD7012A-A02F-4F50-9CB1-20488674E268}.Release|Any CPU.ActiveCfg = Release|Any CPU
		{DAD7012A-A02F-4F50-9CB1-20488674E268}.Release|Any CPU.Build.0 = Release|Any CPU
		{C778633F-B432-408F-8500-B7FE1EA08C03}.Debug|Any CPU.ActiveCfg = Debug|Any CPU
		{C778633F-B432-408F-8500-B7FE1EA08C03}.Debug|Any CPU.Build.0 = Debug|Any CPU
		{C778633F-B432-408F-8500-B7FE1EA08C03}.Release|Any CPU.ActiveCfg = Release|Any CPU
		{C778633F-B432-408F-8500-B7FE1EA08C03}.Release|Any CPU.Build.0 = Release|Any CPU
	EndGlobalSection
	GlobalSection(SolutionProperties) = preSolution
		HideSolutionNode = FALSE
	EndGlobalSection
	GlobalSection(ExtensibilityGlobals) = postSolution
		SolutionGuid = {344C2138-5B84-44B4-BA71-AD840445CAC0}
	EndGlobalSection
EndGlobal
